
Microsoft Visual Studio Solution File, Format Version 12.00
# Visual Studio Version 17
VisualStudioVersion = 17.7.34024.191
MinimumVisualStudioVersion = 10.0.40219.1
Project("{FAE04EC0-301F-11D3-BF4B-00C04F79EFBC}") = "ShippingParcel.Core", "ShippingParcel.Core\ShippingParcel.Core.csproj", "{E4EFC184-D235-449B-9D9A-FA4DECB837B5}"
EndProject
Project("{FAE04EC0-301F-11D3-BF4B-00C04F79EFBC}") = "ShippingParcel.UnitTests", "ShippingParcel.UnitTests\ShippingParcel.UnitTests.csproj", "{8E4FBD56-8A6F-4B91-8EB8-EAB08B9E7BC9}"
EndProject
Global
	GlobalSection(SolutionConfigurationPlatforms) = preSolution
		Debug|Any CPU = Debug|Any CPU
		Release|Any CPU = Release|Any CPU
	EndGlobalSection
	GlobalSection(ProjectConfigurationPlatforms) = postSolution
		{E4EFC184-D235-449B-9D9A-FA4DECB837B5}.Debug|Any CPU.ActiveCfg = Debug|Any CPU
		{E4EFC184-D235-449B-9D9A-FA4DECB837B5}.Debug|Any CPU.Build.0 = Debug|Any CPU
		{E4EFC184-D235-449B-9D9A-FA4DECB837B5}.Release|Any CPU.ActiveCfg = Release|Any CPU
		{E4EFC184-D235-449B-9D9A-FA4DECB837B5}.Release|Any CPU.Build.0 = Release|Any CPU
		{8E4FBD56-8A6F-4B91-8EB8-EAB08B9E7BC9}.Debug|Any CPU.ActiveCfg = Debug|Any CPU
		{8E4FBD56-8A6F-4B91-8EB8-EAB08B9E7BC9}.Debug|Any CPU.Build.0 = Debug|Any CPU
		{8E4FBD56-8A6F-4B91-8EB8-EAB08B9E7BC9}.Release|Any CPU.ActiveCfg = Release|Any CPU
		{8E4FBD56-8A6F-4B91-8EB8-EAB08B9E7BC9}.Release|Any CPU.Build.0 = Release|Any CPU
	EndGlobalSection
	GlobalSection(SolutionProperties) = preSolution
		HideSolutionNode = FALSE
	EndGlobalSection
	GlobalSection(ExtensibilityGlobals) = postSolution
		SolutionGuid = {A8198EA5-674A-4679-9D91-A81CCEC8E39A}
	EndGlobalSection
EndGlobal
